{
	"name": "@editor-packages/hierarchy-tree",
	"version": "1.0.0",
	"lockfileVersion": 1,
	"requires": true,
	"dependencies": {
		"@rollup/plugin-typescript": {
			"version": "4.0.0",
			"resolved": "https://registry.npm.taobao.org/@rollup/plugin-typescript/download/@rollup/plugin-typescript-4.0.0.tgz",
			"integrity": "sha1-ek97KETShmnljAPIgPbtDW6SZoU=",
			"dev": true,
			"requires": {
				"@rollup/pluginutils": "^3.0.1",
				"resolve": "^1.14.1"
			}
		},
		"@rollup/pluginutils": {
			"version": "3.0.8",
			"resolved": "https://registry.npm.taobao.org/@rollup/pluginutils/download/@rollup/pluginutils-3.0.8.tgz?cache=0&sync_timestamp=1580582148739&other_urls=https%3A%2F%2Fregistry.npm.taobao.org%2F%40rollup%2Fpluginutils%2Fdownload%2F%40rollup%2Fpluginutils-3.0.8.tgz",
			"integrity": "sha1-TpTRKNlLkGmeUX7wRUIpYNGMj94=",
			"dev": true,
			"requires": {
				"estree-walker": "^1.0.1"
			}
		},
		"classnames": {
			"version": "2.2.6",
			"resolved": "https://registry.npm.taobao.org/classnames/download/classnames-2.2.6.tgz",
			"integrity": "sha1-Q5Nb/90pHzJtrQogUwmzjQD2UM4=",
			"dev": true
		},
		"estree-walker": {
			"version": "1.0.1",
			"resolved": "https://registry.npm.taobao.org/estree-walker/download/estree-walker-1.0.1.tgz",
			"integrity": "sha1-MbxdYSyWtwQQa0d+bdXYqhOMtwA=",
			"dev": true
		},
		"eventemitter2": {
			"version": "6.3.1",
			"resolved": "https://registry.npm.taobao.org/eventemitter2/download/eventemitter2-6.3.1.tgz",
			"integrity": "sha1-FOx9uMZZqps2rSzkv8q6la1SVTY=",
			"dev": true
		},
		"fsevents": {
			"version": "2.1.2",
			"resolved": "https://registry.npm.taobao.org/fsevents/download/fsevents-2.1.2.tgz",
			"integrity": "sha1-TAofs0vGjlQ7S4Kp7Dkr+9qECAU=",
			"dev": true,
			"optional": true
		},
		"js-tokens": {
			"version": "4.0.0",
			"resolved": "https://registry.npm.taobao.org/js-tokens/download/js-tokens-4.0.0.tgz",
			"integrity": "sha1-GSA/tZmR35jjoocFDUZHzerzJJk=",
			"dev": true
		},
		"loose-envify": {
			"version": "1.4.0",
			"resolved": "https://registry.npm.taobao.org/loose-envify/download/loose-envify-1.4.0.tgz",
			"integrity": "sha1-ce5R+nvkyuwaY4OffmgtgTLTDK8=",
			"dev": true,
			"requires": {
				"js-tokens": "^3.0.0 || ^4.0.0"
			}
		},
		"object-assign": {
			"version": "4.1.1",
			"resolved": "https://registry.npm.taobao.org/object-assign/download/object-assign-4.1.1.tgz",
			"integrity": "sha1-IQmtx5ZYh8/AXLvUQsrIv7s2CGM=",
			"dev": true
		},
		"path-parse": {
			"version": "1.0.6",
			"resolved": "https://registry.npm.taobao.org/path-parse/download/path-parse-1.0.6.tgz",
			"integrity": "sha1-1i27VnlAXXLEc37FhgDp3c8G0kw=",
			"dev": true
		},
		"prop-types": {
			"version": "15.7.2",
			"resolved": "https://registry.npm.taobao.org/prop-types/download/prop-types-15.7.2.tgz",
			"integrity": "sha1-UsQedbjIfnK52TYOAga5ncv/psU=",
			"dev": true,
			"requires": {
				"loose-envify": "^1.4.0",
				"object-assign": "^4.1.1",
				"react-is": "^16.8.1"
			}
		},
		"react": {
			"version": "16.13.1",
			"resolved": "https://registry.npm.taobao.org/react/download/react-16.13.1.tgz?cache=0&sync_timestamp=1584649244665&other_urls=https%3A%2F%2Fregistry.npm.taobao.org%2Freact%2Fdownload%2Freact-16.13.1.tgz",
			"integrity": "sha1-LoGIIvGpdDEiwGPWQQ2FweOv5I4=",
			"dev": true,
			"requires": {
				"loose-envify": "^1.1.0",
				"object-assign": "^4.1.1",
				"prop-types": "^15.6.2"
			}
		},
		"react-dom": {
			"version": "16.13.1",
			"resolved": "https://registry.npm.taobao.org/react-dom/download/react-dom-16.13.1.tgz?cache=0&sync_timestamp=1584649245000&other_urls=https%3A%2F%2Fregistry.npm.taobao.org%2Freact-dom%2Fdownload%2Freact-dom-16.13.1.tgz",
			"integrity": "sha1-wb03MxoEhsB47lTEdAcgmTsuDn8=",
			"dev": true,
			"requires": {
				"loose-envify": "^1.1.0",
				"object-assign": "^4.1.1",
				"prop-types": "^15.6.2",
				"scheduler": "^0.19.1"
			}
		},
		"react-is": {
			"version": "16.13.1",
			"resolved": "https://registry.npm.taobao.org/react-is/download/react-is-16.13.1.tgz",
			"integrity": "sha1-eJcppNw23imZ3BVt1sHZwYzqVqQ=",
			"dev": true
		},
		"resolve": {
			"version": "1.15.1",
			"resolved": "https://registry.npm.taobao.org/resolve/download/resolve-1.15.1.tgz",
			"integrity": "sha1-J73N7/6vLWJEuVuw+fS0ZTRR8+g=",
			"dev": true,
			"requires": {
				"path-parse": "^1.0.6"
			}
		},
		"rollup": {
			"version": "2.3.0",
			"resolved": "https://registry.npm.taobao.org/rollup/download/rollup-2.3.0.tgz?cache=0&sync_timestamp=1585513810874&other_urls=https%3A%2F%2Fregistry.npm.taobao.org%2Frollup%2Fdownload%2Frollup-2.3.0.tgz",
			"integrity": "sha1-C54cGb6iJGSViFTa5ka4tA0tPtU=",
			"dev": true,
			"requires": {
				"fsevents": "~2.1.2"
			}
		},
		"scheduler": {
			"version": "0.19.1",
			"resolved": "https://registry.npm.taobao.org/scheduler/download/scheduler-0.19.1.tgz?cache=0&sync_timestamp=1584649245688&other_urls=https%3A%2F%2Fregistry.npm.taobao.org%2Fscheduler%2Fdownload%2Fscheduler-0.19.1.tgz",
			"integrity": "sha1-Tz4u0sGn1laB9MhU+oxaHMtA8ZY=",
			"dev": true,
			"requires": {
				"loose-envify": "^1.1.0",
				"object-assign": "^4.1.1"
			}
		},
		"tslib": {
			"version": "1.11.1",
			"resolved": "https://registry.npm.taobao.org/tslib/download/tslib-1.11.1.tgz",
			"integrity": "sha1-6xXRKIJ/vuKEFUnhcfRe0zisfjU=",
			"dev": true
		},
		"typescript": {
			"version": "3.8.3",
			"resolved": "https://registry.npm.taobao.org/typescript/download/typescript-3.8.3.tgz?cache=0&sync_timestamp=1585553471224&other_urls=https%3A%2F%2Fregistry.npm.taobao.org%2Ftypescript%2Fdownload%2Ftypescript-3.8.3.tgz",
			"integrity": "sha1-QJ64VE6gM1cRIFhp7EWKsQnuEGE=",
			"dev": true
		},
		"uuid": {
			"version": "3.4.0",
			"resolved": "https://registry.npm.taobao.org/uuid/download/uuid-3.4.0.tgz",
			"integrity": "sha1-sj5DWK+oogL+ehAK8fX4g/AgB+4=",
			"dev": true
		}
	}
}
